
Microsoft Visual Studio Solution File, Format Version 12.00
# Visual Studio 15
Project("{FAE04EC0-301F-11D3-BF4B-00C04F79EFBC}") = "Assembly-CSharp", "Assembly-CSharp.csproj", "{2B62C4B6-420E-ED8B-B23F-9B40CFC35DAD}"
EndProject
Project("{FAE04EC0-301F-11D3-BF4B-00C04F79EFBC}") = "Assembly-CSharp-Editor", "Assembly-CSharp-Editor.csproj", "{3896C17C-B77F-67D9-C273-73A41722DA0D}"
EndProject
Global
	GlobalSection(SolutionConfigurationPlatforms) = preSolution
		Debug|Any CPU = Debug|Any CPU
		Release|Any CPU = Release|Any CPU
	EndGlobalSection
	GlobalSection(ProjectConfigurationPlatforms) = postSolution
		{2B62C4B6-420E-ED8B-B23F-9B40CFC35DAD}.Debug|Any CPU.ActiveCfg = Debug|Any CPU
		{2B62C4B6-420E-ED8B-B23F-9B40CFC35DAD}.Debug|Any CPU.Build.0 = Debug|Any CPU
		{2B62C4B6-420E-ED8B-B23F-9B40CFC35DAD}.Release|Any CPU.ActiveCfg = Release|Any CPU
		{2B62C4B6-420E-ED8B-B23F-9B40CFC35DAD}.Release|Any CPU.Build.0 = Release|Any CPU
		{3896C17C-B77F-67D9-C273-73A41722DA0D}.Debug|Any CPU.ActiveCfg = Debug|Any CPU
		{3896C17C-B77F-67D9-C273-73A41722DA0D}.Debug|Any CPU.Build.0 = Debug|Any CPU
		{3896C17C-B77F-67D9-C273-73A41722DA0D}.Release|Any CPU.ActiveCfg = Release|Any CPU
		{3896C17C-B77F-67D9-C273-73A41722DA0D}.Release|Any CPU.Build.0 = Release|Any CPU
	EndGlobalSection
	GlobalSection(SolutionProperties) = preSolution
		HideSolutionNode = FALSE
	EndGlobalSection
EndGlobal
