
Microsoft Visual Studio Solution File, Format Version 12.00
# Visual Studio 2017
Project("{FAE04EC0-301F-11D3-BF4B-00C04F79EFBC}") = "Project 4", "Project 4.csproj", "{5DC2C6EA-00F9-1EA1-885C-24B58B0823B8}"
EndProject
Project("{FAE04EC0-301F-11D3-BF4B-00C04F79EFBC}") = "Project 4", "Project 4.csproj", "{5DC2C6EA-00F9-1EA1-885C-24B58B0823B8}"
EndProject
Project("{FAE04EC0-301F-11D3-BF4B-00C04F79EFBC}") = "Project 4.Editor", "Project 4.Editor.csproj", "{8BACC672-5CCC-1413-0EF2-6C1C75F49BA6}"
EndProject
Project("{FAE04EC0-301F-11D3-BF4B-00C04F79EFBC}") = "Project 4.Editor", "Project 4.Editor.csproj", "{8BACC672-5CCC-1413-0EF2-6C1C75F49BA6}"
EndProject
Project("{FAE04EC0-301F-11D3-BF4B-00C04F79EFBC}") = "Project 4.Editor", "Project 4.Editor.csproj", "{8BACC672-5CCC-1413-0EF2-6C1C75F49BA6}"
EndProject
Project("{FAE04EC0-301F-11D3-BF4B-00C04F79EFBC}") = "Project 4.Editor", "Project 4.Editor.csproj", "{8BACC672-5CCC-1413-0EF2-6C1C75F49BA6}"
EndProject
Global
	GlobalSection(SolutionConfigurationPlatforms) = preSolution
		Debug|Any CPU = Debug|Any CPU
		Release|Any CPU = Release|Any CPU
	EndGlobalSection
	GlobalSection(ProjectConfigurationPlatforms) = postSolution
		{5DC2C6EA-00F9-1EA1-885C-24B58B0823B8}.Debug|Any CPU.ActiveCfg = Debug|Any CPU
		{5DC2C6EA-00F9-1EA1-885C-24B58B0823B8}.Debug|Any CPU.Build.0 = Debug|Any CPU
		{5DC2C6EA-00F9-1EA1-885C-24B58B0823B8}.Release|Any CPU.ActiveCfg = Release|Any CPU
		{5DC2C6EA-00F9-1EA1-885C-24B58B0823B8}.Release|Any CPU.Build.0 = Release|Any CPU
		{5DC2C6EA-00F9-1EA1-885C-24B58B0823B8}.Debug|Any CPU.ActiveCfg = Debug|Any CPU
		{5DC2C6EA-00F9-1EA1-885C-24B58B0823B8}.Debug|Any CPU.Build.0 = Debug|Any CPU
		{5DC2C6EA-00F9-1EA1-885C-24B58B0823B8}.Release|Any CPU.ActiveCfg = Release|Any CPU
		{5DC2C6EA-00F9-1EA1-885C-24B58B0823B8}.Release|Any CPU.Build.0 = Release|Any CPU
		{8BACC672-5CCC-1413-0EF2-6C1C75F49BA6}.Debug|Any CPU.ActiveCfg = Debug|Any CPU
		{8BACC672-5CCC-1413-0EF2-6C1C75F49BA6}.Debug|Any CPU.Build.0 = Debug|Any CPU
		{8BACC672-5CCC-1413-0EF2-6C1C75F49BA6}.Release|Any CPU.ActiveCfg = Release|Any CPU
		{8BACC672-5CCC-1413-0EF2-6C1C75F49BA6}.Release|Any CPU.Build.0 = Release|Any CPU
		{8BACC672-5CCC-1413-0EF2-6C1C75F49BA6}.Debug|Any CPU.ActiveCfg = Debug|Any CPU
		{8BACC672-5CCC-1413-0EF2-6C1C75F49BA6}.Debug|Any CPU.Build.0 = Debug|Any CPU
		{8BACC672-5CCC-1413-0EF2-6C1C75F49BA6}.Release|Any CPU.ActiveCfg = Release|Any CPU
		{8BACC672-5CCC-1413-0EF2-6C1C75F49BA6}.Release|Any CPU.Build.0 = Release|Any CPU
		{8BACC672-5CCC-1413-0EF2-6C1C75F49BA6}.Debug|Any CPU.ActiveCfg = Debug|Any CPU
		{8BACC672-5CCC-1413-0EF2-6C1C75F49BA6}.Debug|Any CPU.Build.0 = Debug|Any CPU
		{8BACC672-5CCC-1413-0EF2-6C1C75F49BA6}.Release|Any CPU.ActiveCfg = Release|Any CPU
		{8BACC672-5CCC-1413-0EF2-6C1C75F49BA6}.Release|Any CPU.Build.0 = Release|Any CPU
		{8BACC672-5CCC-1413-0EF2-6C1C75F49BA6}.Debug|Any CPU.ActiveCfg = Debug|Any CPU
		{8BACC672-5CCC-1413-0EF2-6C1C75F49BA6}.Debug|Any CPU.Build.0 = Debug|Any CPU
		{8BACC672-5CCC-1413-0EF2-6C1C75F49BA6}.Release|Any CPU.ActiveCfg = Release|Any CPU
		{8BACC672-5CCC-1413-0EF2-6C1C75F49BA6}.Release|Any CPU.Build.0 = Release|Any CPU
	EndGlobalSection
	GlobalSection(SolutionProperties) = preSolution
		HideSolutionNode = FALSE
	EndGlobalSection
EndGlobal
